Microsoft Visual Studio Solution File, Format Version 12.00
# Visual Studio 15
VisualStudioVersion = 15.0.27130.2010
MinimumVisualStudioVersion = 10.0.40219.1
Project("{F184B08F-C81C-45F6-A57F-5ABD9991F28F}") = "SalesReport", "SalesReport\SalesReport.vbproj", "{F484CEDB-6EDB-4593-9869-03369CB99D3B}"
EndProject
Project("{F184B08F-C81C-45F6-A57F-5ABD9991F28F}") = "Pricing", "Pricing\Pricing.vbproj", "{9D052448-339E-4913-A02E-891182257867}"
EndProject
Project("{F184B08F-C81C-45F6-A57F-5ABD9991F28F}") = "PricingExcelSap", "PricingExcel2007\PricingExcelSap.vbproj", "{51DD0989-8384-4408-B39F-37EEAFB7CC02}"
EndProject
Project("{F184B08F-C81C-45F6-A57F-5ABD9991F28F}") = "AutoUpdate", "AutoUpdateSales\AutoUpdate.vbproj", "{42BDC69D-FFD6-4E6F-B2CF-A60D7356F8E4}"
EndProject
Project("{F184B08F-C81C-45F6-A57F-5ABD9991F28F}") = "Forecast", "Forecast\Forecast.vbproj", "{45EDAD3F-8682-4442-B405-EBD2816B0776}"
EndProject
Project("{F184B08F-C81C-45F6-A57F-5ABD9991F28F}") = "CSForecast", "CSForecast\CSForecast.vbproj", "{6626BDB6-6F5D-4D4E-90CE-DD42BAD72BC3}"
EndProject
Project("{F184B08F-C81C-45F6-A57F-5ABD9991F28F}") = "SAP_Pricing", "SAP_Pricing\SAP_Pricing.vbproj", "{AAA39164-C069-4EAA-8C8A-EDA6DF373D85}"
EndProject
Project("{F184B08F-C81C-45F6-A57F-5ABD9991F28F}") = "SymFit", "SymFit\SymFit.vbproj", "{1A2A5767-7F5F-468D-98EA-CD0327A858ED}"
EndProject
Global
	GlobalSection(SolutionConfigurationPlatforms) = preSolution
		Debug|Any CPU = Debug|Any CPU
		Debug|Mixed Platforms = Debug|Mixed Platforms
		Debug|x86 = Debug|x86
		Release|Any CPU = Release|Any CPU
		Release|Mixed Platforms = Release|Mixed Platforms
		Release|x86 = Release|x86
	EndGlobalSection
	GlobalSection(ProjectConfigurationPlatforms) = postSolution
		{F484CEDB-6EDB-4593-9869-03369CB99D3B}.Debug|Any CPU.ActiveCfg = Debug|Any CPU
		{F484CEDB-6EDB-4593-9869-03369CB99D3B}.Debug|Any CPU.Build.0 = Debug|Any CPU
		{F484CEDB-6EDB-4593-9869-03369CB99D3B}.Debug|Mixed Platforms.ActiveCfg = Debug|Any CPU
		{F484CEDB-6EDB-4593-9869-03369CB99D3B}.Debug|Mixed Platforms.Build.0 = Debug|Any CPU
		{F484CEDB-6EDB-4593-9869-03369CB99D3B}.Debug|x86.ActiveCfg = Debug|x86
		{F484CEDB-6EDB-4593-9869-03369CB99D3B}.Debug|x86.Build.0 = Debug|x86
		{F484CEDB-6EDB-4593-9869-03369CB99D3B}.Release|Any CPU.ActiveCfg = Release|Any CPU
		{F484CEDB-6EDB-4593-9869-03369CB99D3B}.Release|Any CPU.Build.0 = Release|Any CPU
		{F484CEDB-6EDB-4593-9869-03369CB99D3B}.Release|Mixed Platforms.ActiveCfg = Release|Any CPU
		{F484CEDB-6EDB-4593-9869-03369CB99D3B}.Release|Mixed Platforms.Build.0 = Release|Any CPU
		{F484CEDB-6EDB-4593-9869-03369CB99D3B}.Release|x86.ActiveCfg = Release|x86
		{F484CEDB-6EDB-4593-9869-03369CB99D3B}.Release|x86.Build.0 = Release|x86
		{9D052448-339E-4913-A02E-891182257867}.Debug|Any CPU.ActiveCfg = Debug|Any CPU
		{9D052448-339E-4913-A02E-891182257867}.Debug|Any CPU.Build.0 = Debug|Any CPU
		{9D052448-339E-4913-A02E-891182257867}.Debug|Mixed Platforms.ActiveCfg = Debug|Any CPU
		{9D052448-339E-4913-A02E-891182257867}.Debug|Mixed Platforms.Build.0 = Debug|Any CPU
		{9D052448-339E-4913-A02E-891182257867}.Debug|x86.ActiveCfg = Debug|Any CPU
		{9D052448-339E-4913-A02E-891182257867}.Debug|x86.Build.0 = Debug|Any CPU
		{9D052448-339E-4913-A02E-891182257867}.Release|Any CPU.ActiveCfg = Release|Any CPU
		{9D052448-339E-4913-A02E-891182257867}.Release|Any CPU.Build.0 = Release|Any CPU
		{9D052448-339E-4913-A02E-891182257867}.Release|Mixed Platforms.ActiveCfg = Release|Any CPU
		{9D052448-339E-4913-A02E-891182257867}.Release|Mixed Platforms.Build.0 = Release|Any CPU
		{9D052448-339E-4913-A02E-891182257867}.Release|x86.ActiveCfg = Release|Any CPU
		{9D052448-339E-4913-A02E-891182257867}.Release|x86.Build.0 = Release|Any CPU
		{51DD0989-8384-4408-B39F-37EEAFB7CC02}.Debug|Any CPU.ActiveCfg = Debug|Any CPU
		{51DD0989-8384-4408-B39F-37EEAFB7CC02}.Debug|Any CPU.Build.0 = Debug|Any CPU
		{51DD0989-8384-4408-B39F-37EEAFB7CC02}.Debug|Mixed Platforms.ActiveCfg = Debug|Any CPU
		{51DD0989-8384-4408-B39F-37EEAFB7CC02}.Debug|Mixed Platforms.Build.0 = Debug|Any CPU
		{51DD0989-8384-4408-B39F-37EEAFB7CC02}.Debug|x86.ActiveCfg = Debug|Any CPU
		{51DD0989-8384-4408-B39F-37EEAFB7CC02}.Debug|x86.Build.0 = Debug|Any CPU
		{51DD0989-8384-4408-B39F-37EEAFB7CC02}.Release|Any CPU.ActiveCfg = Release|Any CPU
		{51DD0989-8384-4408-B39F-37EEAFB7CC02}.Release|Any CPU.Build.0 = Release|Any CPU
		{51DD0989-8384-4408-B39F-37EEAFB7CC02}.Release|Mixed Platforms.ActiveCfg = Release|Any CPU
		{51DD0989-8384-4408-B39F-37EEAFB7CC02}.Release|Mixed Platforms.Build.0 = Release|Any CPU
		{51DD0989-8384-4408-B39F-37EEAFB7CC02}.Release|x86.ActiveCfg = Release|Any CPU
		{51DD0989-8384-4408-B39F-37EEAFB7CC02}.Release|x86.Build.0 = Release|Any CPU
		{42BDC69D-FFD6-4E6F-B2CF-A60D7356F8E4}.Debug|Any CPU.ActiveCfg = Debug|Any CPU
		{42BDC69D-FFD6-4E6F-B2CF-A60D7356F8E4}.Debug|Any CPU.Build.0 = Debug|Any CPU
		{42BDC69D-FFD6-4E6F-B2CF-A60D7356F8E4}.Debug|Mixed Platforms.ActiveCfg = Debug|Any CPU
		{42BDC69D-FFD6-4E6F-B2CF-A60D7356F8E4}.Debug|Mixed Platforms.Build.0 = Debug|Any CPU
		{42BDC69D-FFD6-4E6F-B2CF-A60D7356F8E4}.Debug|x86.ActiveCfg = Debug|Any CPU
		{42BDC69D-FFD6-4E6F-B2CF-A60D7356F8E4}.Debug|x86.Build.0 = Debug|Any CPU
		{42BDC69D-FFD6-4E6F-B2CF-A60D7356F8E4}.Release|Any CPU.ActiveCfg = Release|Any CPU
		{42BDC69D-FFD6-4E6F-B2CF-A60D7356F8E4}.Release|Any CPU.Build.0 = Release|Any CPU
		{42BDC69D-FFD6-4E6F-B2CF-A60D7356F8E4}.Release|Mixed Platforms.ActiveCfg = Release|Any CPU
		{42BDC69D-FFD6-4E6F-B2CF-A60D7356F8E4}.Release|Mixed Platforms.Build.0 = Release|Any CPU
		{42BDC69D-FFD6-4E6F-B2CF-A60D7356F8E4}.Release|x86.ActiveCfg = Release|Any CPU
		{42BDC69D-FFD6-4E6F-B2CF-A60D7356F8E4}.Release|x86.Build.0 = Release|Any CPU
		{45EDAD3F-8682-4442-B405-EBD2816B0776}.Debug|Any CPU.ActiveCfg = Debug|Any CPU
		{45EDAD3F-8682-4442-B405-EBD2816B0776}.Debug|Any CPU.Build.0 = Debug|Any CPU
		{45EDAD3F-8682-4442-B405-EBD2816B0776}.Debug|Mixed Platforms.ActiveCfg = Debug|Any CPU
		{45EDAD3F-8682-4442-B405-EBD2816B0776}.Debug|Mixed Platforms.Build.0 = Debug|Any CPU
		{45EDAD3F-8682-4442-B405-EBD2816B0776}.Debug|x86.ActiveCfg = Debug|Any CPU
		{45EDAD3F-8682-4442-B405-EBD2816B0776}.Debug|x86.Build.0 = Debug|Any CPU
		{45EDAD3F-8682-4442-B405-EBD2816B0776}.Release|Any CPU.ActiveCfg = Release|Any CPU
		{45EDAD3F-8682-4442-B405-EBD2816B0776}.Release|Any CPU.Build.0 = Release|Any CPU
		{45EDAD3F-8682-4442-B405-EBD2816B0776}.Release|Mixed Platforms.ActiveCfg = Release|Any CPU
		{45EDAD3F-8682-4442-B405-EBD2816B0776}.Release|Mixed Platforms.Build.0 = Release|Any CPU
		{45EDAD3F-8682-4442-B405-EBD2816B0776}.Release|x86.ActiveCfg = Release|Any CPU
		{45EDAD3F-8682-4442-B405-EBD2816B0776}.Release|x86.Build.0 = Release|Any CPU
		{6626BDB6-6F5D-4D4E-90CE-DD42BAD72BC3}.Debug|Any CPU.ActiveCfg = Debug|Any CPU
		{6626BDB6-6F5D-4D4E-90CE-DD42BAD72BC3}.Debug|Any CPU.Build.0 = Debug|Any CPU
		{6626BDB6-6F5D-4D4E-90CE-DD42BAD72BC3}.Debug|Mixed Platforms.ActiveCfg = Debug|Any CPU
		{6626BDB6-6F5D-4D4E-90CE-DD42BAD72BC3}.Debug|Mixed Platforms.Build.0 = Debug|Any CPU
		{6626BDB6-6F5D-4D4E-90CE-DD42BAD72BC3}.Debug|x86.ActiveCfg = Debug|Any CPU
		{6626BDB6-6F5D-4D4E-90CE-DD42BAD72BC3}.Debug|x86.Build.0 = Debug|Any CPU
		{6626BDB6-6F5D-4D4E-90CE-DD42BAD72BC3}.Release|Any CPU.ActiveCfg = Release|Any CPU
		{6626BDB6-6F5D-4D4E-90CE-DD42BAD72BC3}.Release|Any CPU.Build.0 = Release|Any CPU
		{6626BDB6-6F5D-4D4E-90CE-DD42BAD72BC3}.Release|Mixed Platforms.ActiveCfg = Release|Any CPU
		{6626BDB6-6F5D-4D4E-90CE-DD42BAD72BC3}.Release|Mixed Platforms.Build.0 = Release|Any CPU
		{6626BDB6-6F5D-4D4E-90CE-DD42BAD72BC3}.Release|x86.ActiveCfg = Release|Any CPU
		{6626BDB6-6F5D-4D4E-90CE-DD42BAD72BC3}.Release|x86.Build.0 = Release|Any CPU
		{AAA39164-C069-4EAA-8C8A-EDA6DF373D85}.Debug|Any CPU.ActiveCfg = Debug|Any CPU
		{AAA39164-C069-4EAA-8C8A-EDA6DF373D85}.Debug|Any CPU.Build.0 = Debug|Any CPU
		{AAA39164-C069-4EAA-8C8A-EDA6DF373D85}.Debug|Mixed Platforms.ActiveCfg = Debug|Any CPU
		{AAA39164-C069-4EAA-8C8A-EDA6DF373D85}.Debug|Mixed Platforms.Build.0 = Debug|Any CPU
		{AAA39164-C069-4EAA-8C8A-EDA6DF373D85}.Debug|x86.ActiveCfg = Debug|Any CPU
		{AAA39164-C069-4EAA-8C8A-EDA6DF373D85}.Debug|x86.Build.0 = Debug|Any CPU
		{AAA39164-C069-4EAA-8C8A-EDA6DF373D85}.Release|Any CPU.ActiveCfg = Release|Any CPU
		{AAA39164-C069-4EAA-8C8A-EDA6DF373D85}.Release|Any CPU.Build.0 = Release|Any CPU
		{AAA39164-C069-4EAA-8C8A-EDA6DF373D85}.Release|Mixed Platforms.ActiveCfg = Release|Any CPU
		{AAA39164-C069-4EAA-8C8A-EDA6DF373D85}.Release|Mixed Platforms.Build.0 = Release|Any CPU
		{AAA39164-C069-4EAA-8C8A-EDA6DF373D85}.Release|x86.ActiveCfg = Release|Any CPU
		{AAA39164-C069-4EAA-8C8A-EDA6DF373D85}.Release|x86.Build.0 = Release|Any CPU
		{1A2A5767-7F5F-468D-98EA-CD0327A858ED}.Debug|Any CPU.ActiveCfg = Debug|Any CPU
		{1A2A5767-7F5F-468D-98EA-CD0327A858ED}.Debug|Any CPU.Build.0 = Debug|Any CPU
		{1A2A5767-7F5F-468D-98EA-CD0327A858ED}.Debug|Mixed Platforms.ActiveCfg = Debug|Any CPU
		{1A2A5767-7F5F-468D-98EA-CD0327A858ED}.Debug|Mixed Platforms.Build.0 = Debug|Any CPU
		{1A2A5767-7F5F-468D-98EA-CD0327A858ED}.Debug|x86.ActiveCfg = Debug|Any CPU
		{1A2A5767-7F5F-468D-98EA-CD0327A858ED}.Debug|x86.Build.0 = Debug|Any CPU
		{1A2A5767-7F5F-468D-98EA-CD0327A858ED}.Release|Any CPU.ActiveCfg = Release|Any CPU
		{1A2A5767-7F5F-468D-98EA-CD0327A858ED}.Release|Any CPU.Build.0 = Release|Any CPU
		{1A2A5767-7F5F-468D-98EA-CD0327A858ED}.Release|Mixed Platforms.ActiveCfg = Release|Any CPU
		{1A2A5767-7F5F-468D-98EA-CD0327A858ED}.Release|Mixed Platforms.Build.0 = Release|Any CPU
		{1A2A5767-7F5F-468D-98EA-CD0327A858ED}.Release|x86.ActiveCfg = Release|Any CPU
		{1A2A5767-7F5F-468D-98EA-CD0327A858ED}.Release|x86.Build.0 = Release|Any CPU
	EndGlobalSection
	GlobalSection(SolutionProperties) = preSolution
		HideSolutionNode = FALSE
	EndGlobalSection
	GlobalSection(ExtensibilityGlobals) = postSolution
		SolutionGuid = {FDCE1309-7AB4-4E02-AD6B-E76FD1D9812C}
	EndGlobalSection
EndGlobal
